
Microsoft Visual Studio Solution File, Format Version 12.00
# Visual Studio 2013
VisualStudioVersion = 12.0.30723.0
MinimumVisualStudioVersion = 10.0.40219.1
Project("{FAE04EC0-301F-11D3-BF4B-00C04F79EFBC}") = "Server", "Server\Server.csproj", "{E272E83B-6298-4BC2-9614-53CC2D245710}"
EndProject
Project("{FAE04EC0-301F-11D3-BF4B-00C04F79EFBC}") = "Client", "Client\Client.csproj", "{D113FBF0-B7F0-4548-A68A-6672673C5F0E}"
EndProject
Global
	GlobalSection(SolutionConfigurationPlatforms) = preSolution
		Debug|Any CPU = Debug|Any CPU
		Release|Any CPU = Release|Any CPU
	EndGlobalSection
	GlobalSection(ProjectConfigurationPlatforms) = postSolution
		{E272E83B-6298-4BC2-9614-53CC2D245710}.Debug|Any CPU.ActiveCfg = Debug|Any CPU
		{E272E83B-6298-4BC2-9614-53CC2D245710}.Debug|Any CPU.Build.0 = Debug|Any CPU
		{E272E83B-6298-4BC2-9614-53CC2D245710}.Release|Any CPU.ActiveCfg = Release|Any CPU
		{E272E83B-6298-4BC2-9614-53CC2D245710}.Release|Any CPU.Build.0 = Release|Any CPU
		{D113FBF0-B7F0-4548-A68A-6672673C5F0E}.Debug|Any CPU.ActiveCfg = Debug|Any CPU
		{D113FBF0-B7F0-4548-A68A-6672673C5F0E}.Debug|Any CPU.Build.0 = Debug|Any CPU
		{D113FBF0-B7F0-4548-A68A-6672673C5F0E}.Release|Any CPU.ActiveCfg = Release|Any CPU
		{D113FBF0-B7F0-4548-A68A-6672673C5F0E}.Release|Any CPU.Build.0 = Release|Any CPU
	EndGlobalSection
	GlobalSection(SolutionProperties) = preSolution
		HideSolutionNode = FALSE
	EndGlobalSection
EndGlobal
